
Microsoft Visual Studio Solution File, Format Version 12.00
# Visual Studio Version 17
VisualStudioVersion = 17.9.34607.119
MinimumVisualStudioVersion = 10.0.40219.1
Project("{FAE04EC0-301F-11D3-BF4B-00C04F79EFBC}") = "laba_3", "laba_3.csproj", "{C1ADD397-8C0C-436C-84E8-A8A192DA2C45}"
EndProject
Global
	GlobalSection(SolutionConfigurationPlatforms) = preSolution
		Debug|Any CPU = Debug|Any CPU
		Release|Any CPU = Release|Any CPU
	EndGlobalSection
	GlobalSection(ProjectConfigurationPlatforms) = postSolution
		{C1ADD397-8C0C-436C-84E8-A8A192DA2C45}.Debug|Any CPU.ActiveCfg = Debug|Any CPU
		{C1ADD397-8C0C-436C-84E8-A8A192DA2C45}.Debug|Any CPU.Build.0 = Debug|Any CPU
		{C1ADD397-8C0C-436C-84E8-A8A192DA2C45}.Release|Any CPU.ActiveCfg = Release|Any CPU
		{C1ADD397-8C0C-436C-84E8-A8A192DA2C45}.Release|Any CPU.Build.0 = Release|Any CPU
	EndGlobalSection
	GlobalSection(SolutionProperties) = preSolution
		HideSolutionNode = FALSE
	EndGlobalSection
	GlobalSection(ExtensibilityGlobals) = postSolution
		SolutionGuid = {62D88D3D-DE14-4276-88AF-89B122C5951F}
	EndGlobalSection
EndGlobal
